
Microsoft Visual Studio Solution File, Format Version 12.00
# Visual Studio 2013
VisualStudioVersion = 12.0.31101.0
MinimumVisualStudioVersion = 10.0.40219.1
Project("{FAE04EC0-301F-11D3-BF4B-00C04F79EFBC}") = "DextraLanches", "DextraLanches\DextraLanches.csproj", "{FFE1064B-82C2-41CF-90AD-6B7D8EF0D0B8}"
EndProject
Project("{FAE04EC0-301F-11D3-BF4B-00C04F79EFBC}") = "DextraLanchesTest", "DextraLanchesTest\DextraLanchesTest.csproj", "{946AB6E7-55D9-4D76-8E59-4A98099AD667}"
EndProject
Global
	GlobalSection(SolutionConfigurationPlatforms) = preSolution
		Debug|Any CPU = Debug|Any CPU
		Release|Any CPU = Release|Any CPU
	EndGlobalSection
	GlobalSection(ProjectConfigurationPlatforms) = postSolution
		{FFE1064B-82C2-41CF-90AD-6B7D8EF0D0B8}.Debug|Any CPU.ActiveCfg = Debug|Any CPU
		{FFE1064B-82C2-41CF-90AD-6B7D8EF0D0B8}.Debug|Any CPU.Build.0 = Debug|Any CPU
		{FFE1064B-82C2-41CF-90AD-6B7D8EF0D0B8}.Release|Any CPU.ActiveCfg = Release|Any CPU
		{FFE1064B-82C2-41CF-90AD-6B7D8EF0D0B8}.Release|Any CPU.Build.0 = Release|Any CPU
		{946AB6E7-55D9-4D76-8E59-4A98099AD667}.Debug|Any CPU.ActiveCfg = Debug|Any CPU
		{946AB6E7-55D9-4D76-8E59-4A98099AD667}.Debug|Any CPU.Build.0 = Debug|Any CPU
		{946AB6E7-55D9-4D76-8E59-4A98099AD667}.Release|Any CPU.ActiveCfg = Release|Any CPU
		{946AB6E7-55D9-4D76-8E59-4A98099AD667}.Release|Any CPU.Build.0 = Release|Any CPU
	EndGlobalSection
	GlobalSection(SolutionProperties) = preSolution
		HideSolutionNode = FALSE
	EndGlobalSection
EndGlobal
